
Microsoft Visual Studio Solution File, Format Version 12.00
# Visual Studio 15
VisualStudioVersion = 15.0.28307.852
MinimumVisualStudioVersion = 10.0.40219.1
Project("{FAE04EC0-301F-11D3-BF4B-00C04F79EFBC}") = "Coffee shop customer manager", "Coffee shop customer manager\Coffee shop customer manager.csproj", "{BC4D3963-2086-4ED5-802E-A9836A1A1025}"
EndProject
Global
	GlobalSection(SolutionConfigurationPlatforms) = preSolution
		Debug|Any CPU = Debug|Any CPU
		Release|Any CPU = Release|Any CPU
	EndGlobalSection
	GlobalSection(ProjectConfigurationPlatforms) = postSolution
		{BC4D3963-2086-4ED5-802E-A9836A1A1025}.Debug|Any CPU.ActiveCfg = Debug|Any CPU
		{BC4D3963-2086-4ED5-802E-A9836A1A1025}.Debug|Any CPU.Build.0 = Debug|Any CPU
		{BC4D3963-2086-4ED5-802E-A9836A1A1025}.Release|Any CPU.ActiveCfg = Release|Any CPU
		{BC4D3963-2086-4ED5-802E-A9836A1A1025}.Release|Any CPU.Build.0 = Release|Any CPU
	EndGlobalSection
	GlobalSection(SolutionProperties) = preSolution
		HideSolutionNode = FALSE
	EndGlobalSection
	GlobalSection(ExtensibilityGlobals) = postSolution
		SolutionGuid = {928523A6-586B-4709-9B06-2C15113E37B5}
	EndGlobalSection
EndGlobal
